
Microsoft Visual Studio Solution File, Format Version 12.00
# Visual Studio Version 16
VisualStudioVersion = 16.0.30319.14
MinimumVisualStudioVersion = 10.0.40219.1
Project("{8BC9CEB8-8B4A-11D0-8D11-00A0C91BC942}") = "LightEngine", "LightEngine\LightEngine.vcxproj", "{7F189836-6E86-491B-BB73-CC667C475E9B}"
	ProjectSection(ProjectDependencies) = postProject
	EndProjectSection
EndProject
Project("{8BC9CEB8-8B4A-11D0-8D11-00A0C91BC942}") = "Sample", "Sample\Sample.vcxproj", "{C34FE115-9851-4C3B-AD93-10B82868CFF7}"
	ProjectSection(ProjectDependencies) = postProject
	EndProjectSection
EndProject
Global
	GlobalSection(SolutionConfigurationPlatforms) = preSolution
		Debug|x64 = Debug|x64
		Release|x64 = Release|x64
		Debug|x64 = Debug|x64
		Release|x64 = Release|x64
	EndGlobalSection
	GlobalSection(ProjectConfigurationPlatforms) = postSolution
		{7F189836-6E86-491B-BB73-CC667C475E9B}.Debug|x64.ActiveCfg = Debug|x64
		{7F189836-6E86-491B-BB73-CC667C475E9B}.Debug|x64.Build.0 = Debug|x64
		{7F189836-6E86-491B-BB73-CC667C475E9B}.Release|x64.ActiveCfg = Release|x64
		{7F189836-6E86-491B-BB73-CC667C475E9B}.Release|x64.Build.0 = Release|x64
		{C34FE115-9851-4C3B-AD93-10B82868CFF7}.Debug|x64.ActiveCfg = Debug|x64
		{C34FE115-9851-4C3B-AD93-10B82868CFF7}.Debug|x64.Build.0 = Debug|x64
		{C34FE115-9851-4C3B-AD93-10B82868CFF7}.Release|x64.ActiveCfg = Release|x64
		{C34FE115-9851-4C3B-AD93-10B82868CFF7}.Release|x64.Build.0 = Release|x64
	EndGlobalSection
	GlobalSection(SolutionProperties) = preSolution
		HideSolutionNode = FALSE
	EndGlobalSection
	GlobalSection(NestedProjects) = preSolution
	EndGlobalSection
	GlobalSection(ExtensibilityGlobals) = postSolution
		SolutionGuid = {F4DB7560-9EC9-4112-813D-BF6BFA7DE37C}
	EndGlobalSection
EndGlobal
